{
  "name": "node",
  "version": "1.0.0",
  "lockfileVersion": 3,
  "requires": true,
  "packages": {
    "": {
      "name": "node",
      "version": "1.0.0",
      "license": "ISC",
      "dependencies": {
        "@yahmice/ajs": "^1.0.0"
      }
    },
    "node_modules/@yahmice/ajs": {
      "version": "1.0.0",
      "resolved": "https://npm.pkg.github.com/download/@yahmice/ajs/1.0.0/88142d97182270ba22204adde36e4f0ad0f5309a",
      "integrity": "sha512-BPHmlD5Su22/7HGpq1myePTtFEsRB5hAjK5kBoFiTBU4wCbB/d1xZXK7vI+Gc/2NE8cLWWXOM+3uLKlbk6vNkg==",
      "license": "ISC"
    }
  }
}
